// !$*UTF8*$!
{
	archiveVersion = 1;
	classes = {
	};
	objectVersion = 55;
	objects = {

/* Begin PBXBuildFile section */
		8D5E9F81287537DD00C5A683 /* Storyboard.storyboard in Resources */ = {isa = PBXBuildFile; fileRef = 8D5E9F80287537DD00C5A683 /* Storyboard.storyboard */; };
		8DA5BA37286C37DF00BB4F7A /* iostesetApp.swift in Sources */ = {isa = PBXBuildFile; fileRef = 8DA5BA36286C37DF00BB4F7A /* iostesetApp.swift */; };
		8DA5BA39286C37DF00BB4F7A /* ContentView.swift in Sources */ = {isa = PBXBuildFile; fileRef = 8DA5BA38286C37DF00BB4F7A /* ContentView.swift */; };
		8DA5BA3B286C37DF00BB4F7A /* Assets.xcassets in Resources */ = {isa = PBXBuildFile; fileRef = 8DA5BA3A286C37DF00BB4F7A /* Assets.xcassets */; };
		8DA5BA3E286C37DF00BB4F7A /* Preview Assets.xcassets in Resources */ = {isa = PBXBuildFile; fileRef = 8DA5BA3D286C37DF00BB4F7A /* Preview Assets.xcassets */; };
		8DA5BA48286C37DF00BB4F7A /* iostesetTests.swift in Sources */ = {isa = PBXBuildFile; fileRef = 8DA5BA47286C37DF00BB4F7A /* iostesetTests.swift */; };
		8DA5BA52286C37DF00BB4F7A /* iostesetUITests.swift in Sources */ = {isa = PBXBuildFile; fileRef = 8DA5BA51286C37DF00BB4F7A /* iostesetUITests.swift */; };
		8DA5BA54286C37DF00BB4F7A /* iostesetUITestsLaunchTests.swift in Sources */ = {isa = PBXBuildFile; fileRef = 8DA5BA53286C37DF00BB4F7A /* iostesetUITestsLaunchTests.swift */; };
/* End PBXBuildFile section */

/* Begin PBXContainerItemProxy section */
		8DA5BA44286C37DF00BB4F7A /* PBXContainerItemProxy */ = {
			isa = PBXContainerItemProxy;
			containerPortal = 8DA5BA2B286C37DF00BB4F7A /* Project object */;
			proxyType = 1;
			remoteGlobalIDString = 8DA5BA32286C37DF00BB4F7A;
			remoteInfo = iosteset;
		};
		8DA5BA4E286C37DF00BB4F7A /* PBXContainerItemProxy */ = {
			isa = PBXContainerItemProxy;
			containerPortal = 8DA5BA2B286C37DF00BB4F7A /* Project object */;
			proxyType = 1;
			remoteGlobalIDString = 8DA5BA32286C37DF00BB4F7A;
			remoteInfo = iosteset;
		};
/* End PBXContainerItemProxy section */

/* Begin PBXFileReference section */
		8D5E9F80287537DD00C5A683 /* Storyboard.storyboard */ = {isa = PBXFileReference; lastKnownFileType = file.storyboard; path = Storyboard.storyboard; sourceTree = "<group>"; };
		8DA5BA33286C37DF00BB4F7A /* iosteset.app */ = {isa = PBXFileReference; explicitFileType = wrapper.application; includeInIndex = 0; path = iosteset.app; sourceTree = BUILT_PRODUCTS_DIR; };
		8DA5BA36286C37DF00BB4F7A /* iostesetApp.swift */ = {isa = PBXFileReference; lastKnownFileType = sourcecode.swift; path = iostesetApp.swift; sourceTree = "<group>"; };
		8DA5BA38286C37DF00BB4F7A /* ContentView.swift */ = {isa = PBXFileReference; lastKnownFileType = sourcecode.swift; path = ContentView.swift; sourceTree = "<group>"; };
		8DA5BA3A286C37DF00BB4F7A /* Assets.xcassets */ = {isa = PBXFileReference; lastKnownFileType = folder.assetcatalog; path = Assets.xcassets; sourceTree = "<group>"; };
		8DA5BA3D286C37DF00BB4F7A /* Preview Assets.xcassets */ = {isa = PBXFileReference; lastKnownFileType = folder.assetcatalog; path = "Preview Assets.xcassets"; sourceTree = "<group>"; };
		8DA5BA43286C37DF00BB4F7A /* iostesetTests.xctest */ = {isa = PBXFileReference; explicitFileType = wrapper.cfbundle; includeInIndex = 0; path = iostesetTests.xctest; sourceTree = BUILT_PRODUCTS_DIR; };
		8DA5BA47286C37DF00BB4F7A /* iostesetTests.swift */ = {isa = PBXFileReference; lastKnownFileType = sourcecode.swift; path = iostesetTests.swift; sourceTree = "<group>"; };
		8DA5BA4D286C37DF00BB4F7A /* iostesetUITests.xctest */ = {isa = PBXFileReference; explicitFileType = wrapper.cfbundle; includeInIndex = 0; path = iostesetUITests.xctest; sourceTree = BUILT_PRODUCTS_DIR; };
		8DA5BA51286C37DF00BB4F7A /* iostesetUITests.swift */ = {isa = PBXFileReference; lastKnownFileType = sourcecode.swift; path = iostesetUITests.swift; sourceTree = "<group>"; };
		8DA5BA53286C37DF00BB4F7A /* iostesetUITestsLaunchTests.swift */ = {isa = PBXFileReference; lastKnownFileType = sourcecode.swift; path = iostesetUITestsLaunchTests.swift; sourceTree = "<group>"; };
/* End PBXFileReference section */

/* Begin PBXFrameworksBuildPhase section */
		8DA5BA30286C37DF00BB4F7A /* Frameworks */ = {
			isa = PBXFrameworksBuildPhase;
			buildActionMask = 2147483647;
			files = (
			);
			runOnlyForDeploymentPostprocessing = 0;
		};
		8DA5BA40286C37DF00BB4F7A /* Frameworks */ = {
			isa = PBXFrameworksBuildPhase;
			buildActionMask = 2147483647;
			files = (
			);
			runOnlyForDeploymentPostprocessing = 0;
		};
		8DA5BA4A286C37DF00BB4F7A /* Frameworks */ = {
			isa = PBXFrameworksBuildPhase;
			buildActionMask = 2147483647;
			files = (
			);
			runOnlyForDeploymentPostprocessing = 0;
		};
/* End PBXFrameworksBuildPhase section */

/* Begin PBXGroup section */
		8DA5BA2A286C37DF00BB4F7A = {
			isa = PBXGroup;
			children = (
				8DA5BA35286C37DF00BB4F7A /* iosteset */,
				8DA5BA46286C37DF00BB4F7A /* iostesetTests */,
				8DA5BA50286C37DF00BB4F7A /* iostesetUITests */,
				8DA5BA34286C37DF00BB4F7A /* Products */,
			);
			sourceTree = "<group>";
		};
		8DA5BA34286C37DF00BB4F7A /* Products */ = {
			isa = PBXGroup;
			children = (
				8DA5BA33286C37DF00BB4F7A /* iosteset.app */,
				8DA5BA43286C37DF00BB4F7A /* iostesetTests.xctest */,
				8DA5BA4D286C37DF00BB4F7A /* iostesetUITests.xctest */,
			);
			name = Products;
			sourceTree = "<group>";
		};
		8DA5BA35286C37DF00BB4F7A /* iosteset */ = {
			isa = PBXGroup;
			children = (
				8DA5BA36286C37DF00BB4F7A /* iostesetApp.swift */,
				8DA5BA38286C37DF00BB4F7A /* ContentView.swift */,
				8DA5BA3A286C37DF00BB4F7A /* Assets.xcassets */,
				8DA5BA3C286C37DF00BB4F7A /* Preview Content */,
				8D5E9F80287537DD00C5A683 /* Storyboard.storyboard */,
			);
			path = iosteset;
			sourceTree = "<group>";
		};
		8DA5BA3C286C37DF00BB4F7A /* Preview Content */ = {
			isa = PBXGroup;
			children = (
				8DA5BA3D286C37DF00BB4F7A /* Preview Assets.xcassets */,
			);
			path = "Preview Content";
			sourceTree = "<group>";
		};
		8DA5BA46286C37DF00BB4F7A /* iostesetTests */ = {
			isa = PBXGroup;
			children = (
				8DA5BA47286C37DF00BB4F7A /* iostesetTests.swift */,
			);
			path = iostesetTests;
			sourceTree = "<group>";
		};
		8DA5BA50286C37DF00BB4F7A /* iostesetUITests */ = {
			isa = PBXGroup;
			children = (
				8DA5BA51286C37DF00BB4F7A /* iostesetUITests.swift */,
				8DA5BA53286C37DF00BB4F7A /* iostesetUITestsLaunchTests.swift */,
			);
			path = iostesetUITests;
			sourceTree = "<group>";
		};
/* End PBXGroup section */

/* Begin PBXNativeTarget section */
		8DA5BA32286C37DF00BB4F7A /* iosteset */ = {
			isa = PBXNativeTarget;
			buildConfigurationList = 8DA5BA57286C37DF00BB4F7A /* Build configuration list for PBXNativeTarget "iosteset" */;
			buildPhases = (
				8DA5BA2F286C37DF00BB4F7A /* Sources */,
				8DA5BA30286C37DF00BB4F7A /* Frameworks */,
				8DA5BA31286C37DF00BB4F7A /* Resources */,
			);
			buildRules = (
			);
			dependencies = (
			);
			name = iosteset;
			productName = iosteset;
			productReference = 8DA5BA33286C37DF00BB4F7A /* iosteset.app */;
			productType = "com.apple.product-type.application";
		};
		8DA5BA42286C37DF00BB4F7A /* iostesetTests */ = {
			isa = PBXNativeTarget;
			buildConfigurationList = 8DA5BA5A286C37DF00BB4F7A /* Build configuration list for PBXNativeTarget "iostesetTests" */;
			buildPhases = (
				8DA5BA3F286C37DF00BB4F7A /* Sources */,
				8DA5BA40286C37DF00BB4F7A /* Frameworks */,
				8DA5BA41286C37DF00BB4F7A /* Resources */,
			);
			buildRules = (
			);
			dependencies = (
				8DA5BA45286C37DF00BB4F7A /* PBXTargetDependency */,
			);
			name = iostesetTests;
			productName = iostesetTests;
			productReference = 8DA5BA43286C37DF00BB4F7A /* iostesetTests.xctest */;
			productType = "com.apple.product-type.bundle.unit-test";
		};
		8DA5BA4C286C37DF00BB4F7A /* iostesetUITests */ = {
			isa = PBXNativeTarget;
			buildConfigurationList = 8DA5BA5D286C37DF00BB4F7A /* Build configuration list for PBXNativeTarget "iostesetUITests" */;
			buildPhases = (
				8DA5BA49286C37DF00BB4F7A /* Sources */,
				8DA5BA4A286C37DF00BB4F7A /* Frameworks */,
				8DA5BA4B286C37DF00BB4F7A /* Resources */,
			);
			buildRules = (
			);
			dependencies = (
				8DA5BA4F286C37DF00BB4F7A /* PBXTargetDependency */,
			);
			name = iostesetUITests;
			productName = iostesetUITests;
			productReference = 8DA5BA4D286C37DF00BB4F7A /* iostesetUITests.xctest */;
			productType = "com.apple.product-type.bundle.ui-testing";
		};
/* End PBXNativeTarget section */

/* Begin PBXProject section */
		8DA5BA2B286C37DF00BB4F7A /* Project object */ = {
			isa = PBXProject;
			attributes = {
				BuildIndependentTargetsInParallel = 1;
				LastSwiftUpdateCheck = 1340;
				LastUpgradeCheck = 1340;
				TargetAttributes = {
					8DA5BA32286C37DF00BB4F7A = {
						CreatedOnToolsVersion = 13.4.1;
					};
					8DA5BA42286C37DF00BB4F7A = {
						CreatedOnToolsVersion = 13.4.1;
						TestTargetID = 8DA5BA32286C37DF00BB4F7A;
					};
					8DA5BA4C286C37DF00BB4F7A = {
						CreatedOnToolsVersion = 13.4.1;
						TestTargetID = 8DA5BA32286C37DF00BB4F7A;
					};
				};
			};
			buildConfigurationList = 8DA5BA2E286C37DF00BB4F7A /* Build configuration list for PBXProject "iosteset" */;
			compatibilityVersion = "Xcode 13.0";
			developmentRegion = en;
			hasScannedForEncodings = 0;
			knownRegions = (
				en,
				Base,
			);
			mainGroup = 8DA5BA2A286C37DF00BB4F7A;
			productRefGroup = 8DA5BA34286C37DF00BB4F7A /* Products */;
			projectDirPath = "";
			projectRoot = "";
			targets = (
				8DA5BA32286C37DF00BB4F7A /* iosteset */,
				8DA5BA42286C37DF00BB4F7A /* iostesetTests */,
				8DA5BA4C286C37DF00BB4F7A /* iostesetUITests */,
			);
		};
/* End PBXProject section */

/* Begin PBXResourcesBuildPhase section */
		8DA5BA31286C37DF00BB4F7A /* Resources */ = {
			isa = PBXResourcesBuildPhase;
			buildActionMask = 2147483647;
			files = (
				8DA5BA3E286C37DF00BB4F7A /* Preview Assets.xcassets in Resources */,
				8DA5BA3B286C37DF00BB4F7A /* Assets.xcassets in Resources */,
				8D5E9F81287537DD00C5A683 /* Storyboard.storyboard in Resources */,
			);
			runOnlyForDeploymentPostprocessing = 0;
		};
		8DA5BA41286C37DF00BB4F7A /* Resources */ = {
			isa = PBXResourcesBuildPhase;
			buildActionMask = 2147483647;
			files = (
			);
			runOnlyForDeploymentPostprocessing = 0;
		};
		8DA5BA4B286C37DF00BB4F7A /* Resources */ = {
			isa = PBXResourcesBuildPhase;
			buildActionMask = 2147483647;
			files = (
			);
			runOnlyForDeploymentPostprocessing = 0;
		};
/* End PBXResourcesBuildPhase section */

/* Begin PBXSourcesBuildPhase section */
		8DA5BA2F286C37DF00BB4F7A /* Sources */ = {
			isa = PBXSourcesBuildPhase;
			buildActionMask = 2147483647;
			files = (
				8DA5BA39286C37DF00BB4F7A /* ContentView.swift in Sources */,
				8DA5BA37286C37DF00BB4F7A /* iostesetApp.swift in Sources */,
			);
			runOnlyForDeploymentPostprocessing = 0;
		};
		8DA5BA3F286C37DF00BB4F7A /* Sources */ = {
			isa = PBXSourcesBuildPhase;
			buildActionMask = 2147483647;
			files = (
				8DA5BA48286C37DF00BB4F7A /* iostesetTests.swift in Sources */,
			);
			runOnlyForDeploymentPostprocessing = 0;
		};
		8DA5BA49286C37DF00BB4F7A /* Sources */ = {
			isa = PBXSourcesBuildPhase;
			buildActionMask = 2147483647;
			files = (
				8DA5BA54286C37DF00BB4F7A /* iostesetUITestsLaunchTests.swift in Sources */,
				8DA5BA52286C37DF00BB4F7A /* iostesetUITests.swift in Sources */,
			);
			runOnlyForDeploymentPostprocessing = 0;
		};
/* End PBXSourcesBuildPhase section */

/* Begin PBXTargetDependency section */
		8DA5BA45286C37DF00BB4F7A /* PBXTargetDependency */ = {
			isa = PBXTargetDependency;
			target = 8DA5BA32286C37DF00BB4F7A /* iosteset */;
			targetProxy = 8DA5BA44286C37DF00BB4F7A /* PBXContainerItemProxy */;
		};
		8DA5BA4F286C37DF00BB4F7A /* PBXTargetDependency */ = {
			isa = PBXTargetDependency;
			target = 8DA5BA32286C37DF00BB4F7A /* iosteset */;
			targetProxy = 8DA5BA4E286C37DF00BB4F7A /* PBXContainerItemProxy */;
		};
/* End PBXTargetDependency section */

/* Begin XCBuildConfiguration section */
		8DA5BA55286C37DF00BB4F7A /* Debug */ = {
			isa = XCBuildConfiguration;
			buildSettings = {
				ALWAYS_SEARCH_USER_PATHS = NO;
				CLANG_ANALYZER_NONNULL = YES;
				CLANG_ANALYZER_NUMBER_OBJECT_CONVERSION = YES_AGGRESSIVE;
				CLANG_CXX_LANGUAGE_STANDARD = "gnu++17";
				CLANG_ENABLE_MODULES = YES;
				CLANG_ENABLE_OBJC_ARC = YES;
				CLANG_ENABLE_OBJC_WEAK = YES;
				CLANG_WARN_BLOCK_CAPTURE_AUTORELEASING = YES;
				CLANG_WARN_BOOL_CONVERSION = YES;
				CLANG_WARN_COMMA = YES;
				CLANG_WARN_CONSTANT_CONVERSION = YES;
				CLANG_WARN_DEPRECATED_OBJC_IMPLEMENTATIONS = YES;
				CLANG_WARN_DIRECT_OBJC_ISA_USAGE = YES_ERROR;
				CLANG_WARN_DOCUMENTATION_COMMENTS = YES;
				CLANG_WARN_EMPTY_BODY = YES;
				CLANG_WARN_ENUM_CONVERSION = YES;
				CLANG_WARN_INFINITE_RECURSION = YES;
				CLANG_WARN_INT_CONVERSION = YES;
				CLANG_WARN_NON_LITERAL_NULL_CONVERSION = YES;
				CLANG_WARN_OBJC_IMPLICIT_RETAIN_SELF = YES;
				CLANG_WARN_OBJC_LITERAL_CONVERSION = YES;
				CLANG_WARN_OBJC_ROOT_CLASS = YES_ERROR;
				CLANG_WARN_QUOTED_INCLUDE_IN_FRAMEWORK_HEADER = YES;
				CLANG_WARN_RANGE_LOOP_ANALYSIS = YES;
				CLANG_WARN_STRICT_PROTOTYPES = YES;
				CLANG_WARN_SUSPICIOUS_MOVE = YES;
				CLANG_WARN_UNGUARDED_AVAILABILITY = YES_AGGRESSIVE;
				CLANG_WARN_UNREACHABLE_CODE = YES;
				CLANG_WARN__DUPLICATE_METHOD_MATCH = YES;
				COPY_PHASE_STRIP = NO;
				DEBUG_INFORMATION_FORMAT = dwarf;
				ENABLE_STRICT_OBJC_MSGSEND = YES;
				ENABLE_TESTABILITY = YES;
				GCC_C_LANGUAGE_STANDARD = gnu11;
				GCC_DYNAMIC_NO_PIC = NO;
				GCC_NO_COMMON_BLOCKS = YES;
				GCC_OPTIMIZATION_LEVEL = 0;
				GCC_PREPROCESSOR_DEFINITIONS = (
					"DEBUG=1",
					"$(inherited)",
				);
				GCC_WARN_64_TO_32_BIT_CONVERSION = YES;
				GCC_WARN_ABOUT_RETURN_TYPE = YES_ERROR;
				GCC_WARN_UNDECLARED_SELECTOR = YES;
				GCC_WARN_UNINITIALIZED_AUTOS = YES_AGGRESSIVE;
				GCC_WARN_UNUSED_FUNCTION = YES;
				GCC_WARN_UNUSED_VARIABLE = YES;
				IPHONEOS_DEPLOYMENT_TARGET = 15.5;
				MTL_ENABLE_DEBUG_INFO = INCLUDE_SOURCE;
				MTL_FAST_MATH = YES;
				ONLY_ACTIVE_ARCH = YES;
				SDKROOT = iphoneos;
				SWIFT_ACTIVE_COMPILATION_CONDITIONS = DEBUG;
				SWIFT_OPTIMIZATION_LEVEL = "-Onone";
			};
			name = Debug;
		};
		8DA5BA56286C37DF00BB4F7A /* Release */ = {
			isa = XCBuildConfiguration;
			buildSettings = {
				ALWAYS_SEARCH_USER_PATHS = NO;
				CLANG_ANALYZER_NONNULL = YES;
				CLANG_ANALYZER_NUMBER_OBJECT_CONVERSION = YES_AGGRESSIVE;
				CLANG_CXX_LANGUAGE_STANDARD = "gnu++17";
				CLANG_ENABLE_MODULES = YES;
				CLANG_ENABLE_OBJC_ARC = YES;
				CLANG_ENABLE_OBJC_WEAK = YES;
				CLANG_WARN_BLOCK_CAPTURE_AUTORELEASING = YES;
				CLANG_WARN_BOOL_CONVERSION = YES;
				CLANG_WARN_COMMA = YES;
				CLANG_WARN_CONSTANT_CONVERSION = YES;
				CLANG_WARN_DEPRECATED_OBJC_IMPLEMENTATIONS = YES;
				CLANG_WARN_DIRECT_OBJC_ISA_USAGE = YES_ERROR;
				CLANG_WARN_DOCUMENTATION_COMMENTS = YES;
				CLANG_WARN_EMPTY_BODY = YES;
				CLANG_WARN_ENUM_CONVERSION = YES;
				CLANG_WARN_INFINITE_RECURSION = YES;
				CLANG_WARN_INT_CONVERSION = YES;
				CLANG_WARN_NON_LITERAL_NULL_CONVERSION = YES;
				CLANG_WARN_OBJC_IMPLICIT_RETAIN_SELF = YES;
				CLANG_WARN_OBJC_LITERAL_CONVERSION = YES;
				CLANG_WARN_OBJC_ROOT_CLASS = YES_ERROR;
				CLANG_WARN_QUOTED_INCLUDE_IN_FRAMEWORK_HEADER = YES;
				CLANG_WARN_RANGE_LOOP_ANALYSIS = YES;
				CLANG_WARN_STRICT_PROTOTYPES = YES;
				CLANG_WARN_SUSPICIOUS_MOVE = YES;
				CLANG_WARN_UNGUARDED_AVAILABILITY = YES_AGGRESSIVE;
				CLANG_WARN_UNREACHABLE_CODE = YES;
				CLANG_WARN__DUPLICATE_METHOD_MATCH = YES;
				COPY_PHASE_STRIP = NO;
				DEBUG_INFORMATION_FORMAT = "dwarf-with-dsym";
				ENABLE_NS_ASSERTIONS = NO;
				ENABLE_STRICT_OBJC_MSGSEND = YES;
				GCC_C_LANGUAGE_STANDARD = gnu11;
				GCC_NO_COMMON_BLOCKS = YES;
				GCC_WARN_64_TO_32_BIT_CONVERSION = YES;
				GCC_WARN_ABOUT_RETURN_TYPE = YES_ERROR;
				GCC_WARN_UNDECLARED_SELECTOR = YES;
				GCC_WARN_UNINITIALIZED_AUTOS = YES_AGGRESSIVE;
				GCC_WARN_UNUSED_FUNCTION = YES;
				GCC_WARN_UNUSED_VARIABLE = YES;
				IPHONEOS_DEPLOYMENT_TARGET = 15.5;
				MTL_ENABLE_DEBUG_INFO = NO;
				MTL_FAST_MATH = YES;
				SDKROOT = iphoneos;
				SWIFT_COMPILATION_MODE = wholemodule;
				SWIFT_OPTIMIZATION_LEVEL = "-O";
				VALIDATE_PRODUCT = YES;
			};
			name = Release;
		};
		8DA5BA58286C37DF00BB4F7A /* Debug */ = {
			isa = XCBuildConfiguration;
			buildSettings = {
				ASSETCATALOG_COMPILER_APPICON_NAME = AppIcon;
				ASSETCATALOG_COMPILER_GLOBAL_ACCENT_COLOR_NAME = AccentColor;
				CODE_SIGN_STYLE = Automatic;
				CURRENT_PROJECT_VERSION = 1;
				DEVELOPMENT_ASSET_PATHS = "\"iosteset/Preview Content\"";
				ENABLE_PREVIEWS = YES;
				GENERATE_INFOPLIST_FILE = YES;
				INFOPLIST_KEY_UIApplicationSceneManifest_Generation = YES;
				INFOPLIST_KEY_UIApplicationSupportsIndirectInputEvents = YES;
				INFOPLIST_KEY_UILaunchScreen_Generation = YES;
				INFOPLIST_KEY_UISupportedInterfaceOrientations_iPad = "UIInterfaceOrientationPortrait UIInterfaceOrientationPortraitUpsideDown UIInterfaceOrientationLandscapeLeft UIInterfaceOrientationLandscapeRight";
				INFOPLIST_KEY_UISupportedInterfaceOrientations_iPhone = "UIInterfaceOrientationPortrait UIInterfaceOrientationLandscapeLeft UIInterfaceOrientationLandscapeRight";
				LD_RUNPATH_SEARCH_PATHS = (
					"$(inherited)",
					"@executable_path/Frameworks",
				);
				MARKETING_VERSION = 1.0;
				PRODUCT_BUNDLE_IDENTIFIER = TodoList.iosteset;
				PRODUCT_NAME = "$(TARGET_NAME)";
				SWIFT_EMIT_LOC_STRINGS = YES;
				SWIFT_VERSION = 5.0;
				TARGETED_DEVICE_FAMILY = "1,2";
			};
			name = Debug;
		};
		8DA5BA59286C37DF00BB4F7A /* Release */ = {
			isa = XCBuildConfiguration;
			buildSettings = {
				ASSETCATALOG_COMPILER_APPICON_NAME = AppIcon;
				ASSETCATALOG_COMPILER_GLOBAL_ACCENT_COLOR_NAME = AccentColor;
				CODE_SIGN_STYLE = Automatic;
				CURRENT_PROJECT_VERSION = 1;
				DEVELOPMENT_ASSET_PATHS = "\"iosteset/Preview Content\"";
				ENABLE_PREVIEWS = YES;
				GENERATE_INFOPLIST_FILE = YES;
				INFOPLIST_KEY_UIApplicationSceneManifest_Generation = YES;
				INFOPLIST_KEY_UIApplicationSupportsIndirectInputEvents = YES;
				INFOPLIST_KEY_UILaunchScreen_Generation = YES;
				INFOPLIST_KEY_UISupportedInterfaceOrientations_iPad = "UIInterfaceOrientationPortrait UIInterfaceOrientationPortraitUpsideDown UIInterfaceOrientationLandscapeLeft UIInterfaceOrientationLandscapeRight";
				INFOPLIST_KEY_UISupportedInterfaceOrientations_iPhone = "UIInterfaceOrientationPortrait UIInterfaceOrientationLandscapeLeft UIInterfaceOrientationLandscapeRight";
				LD_RUNPATH_SEARCH_PATHS = (
					"$(inherited)",
					"@executable_path/Frameworks",
				);
				MARKETING_VERSION = 1.0;
				PRODUCT_BUNDLE_IDENTIFIER = TodoList.iosteset;
				PRODUCT_NAME = "$(TARGET_NAME)";
				SWIFT_EMIT_LOC_STRINGS = YES;
				SWIFT_VERSION = 5.0;
				TARGETED_DEVICE_FAMILY = "1,2";
			};
			name = Release;
		};
		8DA5BA5B286C37DF00BB4F7A /* Debug */ = {
			isa = XCBuildConfiguration;
			buildSettings = {
				ALWAYS_EMBED_SWIFT_STANDARD_LIBRARIES = YES;
				BUNDLE_LOADER = "$(TEST_HOST)";
				CODE_SIGN_STYLE = Automatic;
				CURRENT_PROJECT_VERSION = 1;
				GENERATE_INFOPLIST_FILE = YES;
				IPHONEOS_DEPLOYMENT_TARGET = 15.5;
				MARKETING_VERSION = 1.0;
				PRODUCT_BUNDLE_IDENTIFIER = TodoList.iostesetTests;
				PRODUCT_NAME = "$(TARGET_NAME)";
				SWIFT_EMIT_LOC_STRINGS = NO;
				SWIFT_VERSION = 5.0;
				TARGETED_DEVICE_FAMILY = "1,2";
				TEST_HOST = "$(BUILT_PRODUCTS_DIR)/iosteset.app/iosteset";
			};
			name = Debug;
		};
		8DA5BA5C286C37DF00BB4F7A /* Release */ = {
			isa = XCBuildConfiguration;
			buildSettings = {
				ALWAYS_EMBED_SWIFT_STANDARD_LIBRARIES = YES;
				BUNDLE_LOADER = "$(TEST_HOST)";
				CODE_SIGN_STYLE = Automatic;
				CURRENT_PROJECT_VERSION = 1;
				GENERATE_INFOPLIST_FILE = YES;
				IPHONEOS_DEPLOYMENT_TARGET = 15.5;
				MARKETING_VERSION = 1.0;
				PRODUCT_BUNDLE_IDENTIFIER = TodoList.iostesetTests;
				PRODUCT_NAME = "$(TARGET_NAME)";
				SWIFT_EMIT_LOC_STRINGS = NO;
				SWIFT_VERSION = 5.0;
				TARGETED_DEVICE_FAMILY = "1,2";
				TEST_HOST = "$(BUILT_PRODUCTS_DIR)/iosteset.app/iosteset";
			};
			name = Release;
		};
		8DA5BA5E286C37DF00BB4F7A /* Debug */ = {
			isa = XCBuildConfiguration;
			buildSettings = {
				ALWAYS_EMBED_SWIFT_STANDARD_LIBRARIES = YES;
				CODE_SIGN_STYLE = Automatic;
				CURRENT_PROJECT_VERSION = 1;
				GENERATE_INFOPLIST_FILE = YES;
				MARKETING_VERSION = 1.0;
				PRODUCT_BUNDLE_IDENTIFIER = TodoList.iostesetUITests;
				PRODUCT_NAME = "$(TARGET_NAME)";
				SWIFT_EMIT_LOC_STRINGS = NO;
				SWIFT_VERSION = 5.0;
				TARGETED_DEVICE_FAMILY = "1,2";
				TEST_TARGET_NAME = iosteset;
			};
			name = Debug;
		};
		8DA5BA5F286C37DF00BB4F7A /* Release */ = {
			isa = XCBuildConfiguration;
			buildSettings = {
				ALWAYS_EMBED_SWIFT_STANDARD_LIBRARIES = YES;
				CODE_SIGN_STYLE = Automatic;
				CURRENT_PROJECT_VERSION = 1;
				GENERATE_INFOPLIST_FILE = YES;
				MARKETING_VERSION = 1.0;
				PRODUCT_BUNDLE_IDENTIFIER = TodoList.iostesetUITests;
				PRODUCT_NAME = "$(TARGET_NAME)";
				SWIFT_EMIT_LOC_STRINGS = NO;
				SWIFT_VERSION = 5.0;
				TARGETED_DEVICE_FAMILY = "1,2";
				TEST_TARGET_NAME = iosteset;
			};
			name = Release;
		};
/* End XCBuildConfiguration section */

/* Begin XCConfigurationList section */
		8DA5BA2E286C37DF00BB4F7A /* Build configuration list for PBXProject "iosteset" */ = {
			isa = XCConfigurationList;
			buildConfigurations = (
				8DA5BA55286C37DF00BB4F7A /* Debug */,
				8DA5BA56286C37DF00BB4F7A /* Release */,
			);
			defaultConfigurationIsVisible = 0;
			defaultConfigurationName = Release;
		};
		8DA5BA57286C37DF00BB4F7A /* Build configuration list for PBXNativeTarget "iosteset" */ = {
			isa = XCConfigurationList;
			buildConfigurations = (
				8DA5BA58286C37DF00BB4F7A /* Debug */,
				8DA5BA59286C37DF00BB4F7A /* Release */,
			);
			defaultConfigurationIsVisible = 0;
			defaultConfigurationName = Release;
		};
		8DA5BA5A286C37DF00BB4F7A /* Build configuration list for PBXNativeTarget "iostesetTests" */ = {
			isa = XCConfigurationList;
			buildConfigurations = (
				8DA5BA5B286C37DF00BB4F7A /* Debug */,
				8DA5BA5C286C37DF00BB4F7A /* Release */,
			);
			defaultConfigurationIsVisible = 0;
			defaultConfigurationName = Release;
		};
		8DA5BA5D286C37DF00BB4F7A /* Build configuration list for PBXNativeTarget "iostesetUITests" */ = {
			isa = XCConfigurationList;
			buildConfigurations = (
				8DA5BA5E286C37DF00BB4F7A /* Debug */,
				8DA5BA5F286C37DF00BB4F7A /* Release */,
			);
			defaultConfigurationIsVisible = 0;
			defaultConfigurationName = Release;
		};
/* End XCConfigurationList section */
	};
	rootObject = 8DA5BA2B286C37DF00BB4F7A /* Project object */;
}
